
Microsoft Visual Studio Solution File, Format Version 12.00
# Visual Studio Version 16
VisualStudioVersion = 16.0.31205.134
MinimumVisualStudioVersion = 10.0.40219.1
Project("{FAE04EC0-301F-11D3-BF4B-00C04F79EFBC}") = "09 Ejercicio Parcial 2", "09 Ejercicio Parcial 2.csproj", "{51A57EDA-1E59-4D17-BE4D-F36F8080857B}"
EndProject
Global
	GlobalSection(SolutionConfigurationPlatforms) = preSolution
		Debug|Any CPU = Debug|Any CPU
		Release|Any CPU = Release|Any CPU
	EndGlobalSection
	GlobalSection(ProjectConfigurationPlatforms) = postSolution
		{51A57EDA-1E59-4D17-BE4D-F36F8080857B}.Debug|Any CPU.ActiveCfg = Debug|Any CPU
		{51A57EDA-1E59-4D17-BE4D-F36F8080857B}.Debug|Any CPU.Build.0 = Debug|Any CPU
		{51A57EDA-1E59-4D17-BE4D-F36F8080857B}.Release|Any CPU.ActiveCfg = Release|Any CPU
		{51A57EDA-1E59-4D17-BE4D-F36F8080857B}.Release|Any CPU.Build.0 = Release|Any CPU
	EndGlobalSection
	GlobalSection(SolutionProperties) = preSolution
		HideSolutionNode = FALSE
	EndGlobalSection
	GlobalSection(ExtensibilityGlobals) = postSolution
		SolutionGuid = {3A4D9E61-6E60-4351-86AF-2CABFC4B66AE}
	EndGlobalSection
EndGlobal
